
Microsoft Visual Studio Solution File, Format Version 12.00
# Visual Studio Version 17
VisualStudioVersion = 17.5.33627.172
MinimumVisualStudioVersion = 10.0.40219.1
Project("{F184B08F-C81C-45F6-A57F-5ABD9991F28F}") = "estructuraVB", "estructuraVB\estructuraVB.vbproj", "{AC487010-97A4-49E4-97F0-B340C967D862}"
EndProject
Global
	GlobalSection(SolutionConfigurationPlatforms) = preSolution
		Debug|Any CPU = Debug|Any CPU
		Release|Any CPU = Release|Any CPU
	EndGlobalSection
	GlobalSection(ProjectConfigurationPlatforms) = postSolution
		{AC487010-97A4-49E4-97F0-B340C967D862}.Debug|Any CPU.ActiveCfg = Debug|Any CPU
		{AC487010-97A4-49E4-97F0-B340C967D862}.Debug|Any CPU.Build.0 = Debug|Any CPU
		{AC487010-97A4-49E4-97F0-B340C967D862}.Release|Any CPU.ActiveCfg = Release|Any CPU
		{AC487010-97A4-49E4-97F0-B340C967D862}.Release|Any CPU.Build.0 = Release|Any CPU
	EndGlobalSection
	GlobalSection(SolutionProperties) = preSolution
		HideSolutionNode = FALSE
	EndGlobalSection
	GlobalSection(ExtensibilityGlobals) = postSolution
		SolutionGuid = {3EE5AE52-2812-4AA5-B71C-75BCD3B20EE1}
	EndGlobalSection
EndGlobal
